
Microsoft Visual Studio Solution File, Format Version 12.00
# Visual Studio Version 16
VisualStudioVersion = 16.0.31624.102
MinimumVisualStudioVersion = 10.0.40219.1
Project("{FAE04EC0-301F-11D3-BF4B-00C04F79EFBC}") = "WebApplicationCHUSHKA", "WebApplicationCHUSHKA\WebApplicationCHUSHKA.csproj", "{78464833-C64B-4056-A493-5E561158B410}"
EndProject
Global
	GlobalSection(SolutionConfigurationPlatforms) = preSolution
		Debug|Any CPU = Debug|Any CPU
		Release|Any CPU = Release|Any CPU
	EndGlobalSection
	GlobalSection(ProjectConfigurationPlatforms) = postSolution
		{78464833-C64B-4056-A493-5E561158B410}.Debug|Any CPU.ActiveCfg = Debug|Any CPU
		{78464833-C64B-4056-A493-5E561158B410}.Debug|Any CPU.Build.0 = Debug|Any CPU
		{78464833-C64B-4056-A493-5E561158B410}.Release|Any CPU.ActiveCfg = Release|Any CPU
		{78464833-C64B-4056-A493-5E561158B410}.Release|Any CPU.Build.0 = Release|Any CPU
	EndGlobalSection
	GlobalSection(SolutionProperties) = preSolution
		HideSolutionNode = FALSE
	EndGlobalSection
	GlobalSection(ExtensibilityGlobals) = postSolution
		SolutionGuid = {ECE7829D-4DA7-4621-92CA-DC89EF7922BF}
	EndGlobalSection
EndGlobal
